
Microsoft Visual Studio Solution File, Format Version 12.00
# Visual Studio 15
VisualStudioVersion = 15.0.28307.1022
MinimumVisualStudioVersion = 10.0.40219.1
Project("{FAE04EC0-301F-11D3-BF4B-00C04F79EFBC}") = "CnCTDRAMapEditor", "CnCTDRAMapEditor\CnCTDRAMapEditor.csproj", "{397CEF00-8930-4EC8-B15F-F7CF7193FB22}"
EndProject
Global
	GlobalSection(SolutionConfigurationPlatforms) = preSolution
		Debug|Any CPU = Debug|Any CPU
		Gold|Any CPU = Gold|Any CPU
		Release|Any CPU = Release|Any CPU
	EndGlobalSection
	GlobalSection(ProjectConfigurationPlatforms) = postSolution
		{397CEF00-8930-4EC8-B15F-F7CF7193FB22}.Debug|Any CPU.ActiveCfg = Debug|Any CPU
		{397CEF00-8930-4EC8-B15F-F7CF7193FB22}.Debug|Any CPU.Build.0 = Debug|Any CPU
		{397CEF00-8930-4EC8-B15F-F7CF7193FB22}.Gold|Any CPU.ActiveCfg = Gold|Any CPU
		{397CEF00-8930-4EC8-B15F-F7CF7193FB22}.Gold|Any CPU.Build.0 = Gold|Any CPU
		{397CEF00-8930-4EC8-B15F-F7CF7193FB22}.Release|Any CPU.ActiveCfg = Release|Any CPU
		{397CEF00-8930-4EC8-B15F-F7CF7193FB22}.Release|Any CPU.Build.0 = Release|Any CPU
	EndGlobalSection
	GlobalSection(SolutionProperties) = preSolution
		HideSolutionNode = FALSE
	EndGlobalSection
	GlobalSection(ExtensibilityGlobals) = postSolution
		SolutionGuid = {3A313796-A0F0-4740-98D6-037699DBC902}
	EndGlobalSection
EndGlobal
